
Microsoft Visual Studio Solution File, Format Version 12.00
# Visual Studio Version 16
VisualStudioVersion = 16.0.30225.117
MinimumVisualStudioVersion = 10.0.40219.1
Project("{9A19103F-16F7-4668-BE54-9A1E7A4F7556}") = "APIEsportiva", "APIEsportiva\APIEsportiva.csproj", "{5DEC5124-CCB1-4D27-86A4-D866E1746C87}"
EndProject
Project("{FAE04EC0-301F-11D3-BF4B-00C04F79EFBC}") = "APIWeb", "APIWeb\APIWeb.csproj", "{2765614C-49F9-42B2-8582-331F37F49E2E}"
EndProject
Project("{FAE04EC0-301F-11D3-BF4B-00C04F79EFBC}") = "APIEsportivaWeb", "APIEsportivaWeb\APIEsportivaWeb.csproj", "{3ABDC759-9BFB-474A-9E9A-071F35E39189}"
EndProject
Global
	GlobalSection(SolutionConfigurationPlatforms) = preSolution
		Debug|Any CPU = Debug|Any CPU
		Release|Any CPU = Release|Any CPU
	EndGlobalSection
	GlobalSection(ProjectConfigurationPlatforms) = postSolution
		{5DEC5124-CCB1-4D27-86A4-D866E1746C87}.Debug|Any CPU.ActiveCfg = Debug|Any CPU
		{5DEC5124-CCB1-4D27-86A4-D866E1746C87}.Debug|Any CPU.Build.0 = Debug|Any CPU
		{5DEC5124-CCB1-4D27-86A4-D866E1746C87}.Release|Any CPU.ActiveCfg = Release|Any CPU
		{5DEC5124-CCB1-4D27-86A4-D866E1746C87}.Release|Any CPU.Build.0 = Release|Any CPU
		{2765614C-49F9-42B2-8582-331F37F49E2E}.Debug|Any CPU.ActiveCfg = Debug|Any CPU
		{2765614C-49F9-42B2-8582-331F37F49E2E}.Debug|Any CPU.Build.0 = Debug|Any CPU
		{2765614C-49F9-42B2-8582-331F37F49E2E}.Release|Any CPU.ActiveCfg = Release|Any CPU
		{2765614C-49F9-42B2-8582-331F37F49E2E}.Release|Any CPU.Build.0 = Release|Any CPU
		{3ABDC759-9BFB-474A-9E9A-071F35E39189}.Debug|Any CPU.ActiveCfg = Debug|Any CPU
		{3ABDC759-9BFB-474A-9E9A-071F35E39189}.Debug|Any CPU.Build.0 = Debug|Any CPU
		{3ABDC759-9BFB-474A-9E9A-071F35E39189}.Release|Any CPU.ActiveCfg = Release|Any CPU
		{3ABDC759-9BFB-474A-9E9A-071F35E39189}.Release|Any CPU.Build.0 = Release|Any CPU
	EndGlobalSection
	GlobalSection(SolutionProperties) = preSolution
		HideSolutionNode = FALSE
	EndGlobalSection
	GlobalSection(ExtensibilityGlobals) = postSolution
		SolutionGuid = {998BD8DA-36E8-4FB9-80A5-14223B397A2A}
	EndGlobalSection
EndGlobal
